
Microsoft Visual Studio Solution File, Format Version 12.00
# Visual Studio Version 16
VisualStudioVersion = 16.0.30204.135
MinimumVisualStudioVersion = 10.0.40219.1
Project("{FAE04EC0-301F-11D3-BF4B-00C04F79EFBC}") = "sample_4_4", "sample_4_4\sample_4_4.csproj", "{D884B08C-7DAE-4224-9B4B-217B15E9EBCE}"
EndProject
Global
	GlobalSection(SolutionConfigurationPlatforms) = preSolution
		Debug|Any CPU = Debug|Any CPU
		Release|Any CPU = Release|Any CPU
	EndGlobalSection
	GlobalSection(ProjectConfigurationPlatforms) = postSolution
		{D884B08C-7DAE-4224-9B4B-217B15E9EBCE}.Debug|Any CPU.ActiveCfg = Debug|Any CPU
		{D884B08C-7DAE-4224-9B4B-217B15E9EBCE}.Debug|Any CPU.Build.0 = Debug|Any CPU
		{D884B08C-7DAE-4224-9B4B-217B15E9EBCE}.Release|Any CPU.ActiveCfg = Release|Any CPU
		{D884B08C-7DAE-4224-9B4B-217B15E9EBCE}.Release|Any CPU.Build.0 = Release|Any CPU
	EndGlobalSection
	GlobalSection(SolutionProperties) = preSolution
		HideSolutionNode = FALSE
	EndGlobalSection
	GlobalSection(ExtensibilityGlobals) = postSolution
		SolutionGuid = {B09BCF8B-606B-4681-8038-E58568C2F4DB}
	EndGlobalSection
EndGlobal
